# This file is automatically @generated by Cargo.
# It is not intended for manual editing.
version = 4

[[package]]
name = "bitflags"
version = "1.3.2"
source = "registry+https://github.com/rust-lang/crates.io-index"
checksum = "bef38d45163c2f1dde094a7dfd33ccf595c92905c8f8f4fdc18d06fb1037718a"

[[package]]
name = "bumpalo"
version = "3.20.1"
source = "registry+https://github.com/rust-lang/crates.io-index"
checksum = "5c6f81257d10a0f602a294ae4182251151ff97dbb504ef9afcdda4a64b24d9b4"

[[package]]
name = "cfg-if"
version = "1.0.4"
source = "registry+https://github.com/rust-lang/crates.io-index"
checksum = "9330f8b2ff13f34540b44e946ef35111825727b38d33286ef986142615121801"

[[package]]
name = "getrandom"
version = "0.2.17"
source = "registry+https://github.com/rust-lang/crates.io-index"
checksum = "ff2abc00be7fca6ebc474524697ae276ad847ad0a6b3faa4bcb027e9a4614ad0"
dependencies = [
 "cfg-if",
 "js-sys",
 "libc",
 "wasi",
 "wasm-bindgen",
]

[[package]]
name = "itoa"
version = "1.0.17"
source = "registry+https://github.com/rust-lang/crates.io-index"
checksum = "92ecc6618181def0457392ccd0ee51198e065e016d1d527a7ac1b6dc7c1f09d2"

[[package]]
name = "js-sys"
version = "0.3.85"
source = "registry+https://github.com/rust-lang/crates.io-index"
checksum = "8c942ebf8e95485ca0d52d97da7c5a2c387d0e7f0ba4c35e93bfcaee045955b3"
dependencies = [
 "once_cell",
 "wasm-bindgen",
]

[[package]]
name = "libc"
version = "0.2.182"
source = "registry+https://github.com/rust-lang/crates.io-index"
checksum = "6800badb6cb2082ffd7b6a67e6125bb39f18782f793520caee8cb8846be06112"

[[package]]
name = "memchr"
version = "2.8.0"
source = "registry+https://github.com/rust-lang/crates.io-index"
checksum = "f8ca58f447f06ed17d5fc4043ce1b10dd205e060fb3ce5b979b8ed8e59ff3f79"

[[package]]
name = "once_cell"
version = "1.21.3"
source = "registry+https://github.com/rust-lang/crates.io-index"
checksum = "42f5e15c9953c5e4ccceeb2e7382a716482c34515315f7b03532b8b4e8393d2d"

[[package]]
name = "pdf-writer"
version = "0.9.3"
source = "registry+https://github.com/rust-lang/crates.io-index"
checksum = "24e9127455063c816e661caac9ecd9043ad2871f55be93014e6838a8ced2332b"
dependencies = [
 "bitflags",
 "itoa",
 "memchr",
 "ryu",
]

[[package]]
name = "proc-macro2"
version = "1.0.106"
source = "registry+https://github.com/rust-lang/crates.io-index"
checksum = "8fd00f0bb2e90d81d1044c2b32617f68fcb9fa3bb7640c23e9c748e53fb30934"
dependencies = [
 "unicode-ident",
]

[[package]]
name = "quote"
version = "1.0.44"
source = "registry+https://github.com/rust-lang/crates.io-index"
checksum = "21b2ebcf727b7760c461f091f9f0f539b77b8e87f2fd88131e7f1b433b3cece4"
dependencies = [
 "proc-macro2",
]

[[package]]
name = "resume-wasm"
version = "0.1.0"
dependencies = [
 "getrandom",
 "js-sys",
 "pdf-writer",
 "wasm-bindgen",
]

[[package]]
name = "rustversion"
version = "1.0.22"
source = "registry+https://github.com/rust-lang/crates.io-index"
checksum = "b39cdef0fa800fc44525c84ccb54a029961a8215f9619753635a9c0d2538d46d"

[[package]]
name = "ryu"
version = "1.0.23"
source = "registry+https://github.com/rust-lang/crates.io-index"
checksum = "9774ba4a74de5f7b1c1451ed6cd5285a32eddb5cccb8cc655a4e50009e06477f"

[[package]]
name = "syn"
version = "2.0.116"
source = "registry+https://github.com/rust-lang/crates.io-index"
checksum = "3df424c70518695237746f84cede799c9c58fcb37450d7b23716568cc8bc69cb"
dependencies = [
 "proc-macro2",
 "quote",
 "unicode-ident",
]

[[package]]
name = "unicode-ident"
version = "1.0.24"
source = "registry+https://github.com/rust-lang/crates.io-index"
checksum = "e6e4313cd5fcd3dad5cafa179702e2b244f760991f45397d14d4ebf38247da75"

[[package]]
name = "wasi"
version = "0.11.1+wasi-snapshot-preview1"
source = "registry+https://github.com/rust-lang/crates.io-index"
checksum = "ccf3ec651a847eb01de73ccad15eb7d99f80485de043efb2f370cd654f4ea44b"

[[package]]
name = "wasm-bindgen"
version = "0.2.108"
source = "registry+https://github.com/rust-lang/crates.io-index"
checksum = "64024a30ec1e37399cf85a7ffefebdb72205ca1c972291c51512360d90bd8566"
dependencies = [
 "cfg-if",
 "once_cell",
 "rustversion",
 "wasm-bindgen-macro",
 "wasm-bindgen-shared",
]

[[package]]
name = "wasm-bindgen-macro"
version = "0.2.108"
source = "registry+https://github.com/rust-lang/crates.io-index"
checksum = "008b239d9c740232e71bd39e8ef6429d27097518b6b30bdf9086833bd5b6d608"
dependencies = [
 "quote",
 "wasm-bindgen-macro-support",
]

[[package]]
name = "wasm-bindgen-macro-support"
version = "0.2.108"
source = "registry+https://github.com/rust-lang/crates.io-index"
checksum = "5256bae2d58f54820e6490f9839c49780dff84c65aeab9e772f15d5f0e913a55"
dependencies = [
 "bumpalo",
 "proc-macro2",
 "quote",
 "syn",
 "wasm-bindgen-shared",
]

[[package]]
name = "wasm-bindgen-shared"
version = "0.2.108"
source = "registry+https://github.com/rust-lang/crates.io-index"
checksum = "1f01b580c9ac74c8d8f0c0e4afb04eeef2acf145458e52c03845ee9cd23e3d12"
dependencies = [
 "unicode-ident",
]
